
Microsoft Visual Studio Solution File, Format Version 12.00
# Visual Studio Version 16
VisualStudioVersion = 16.0.30114.105
MinimumVisualStudioVersion = 10.0.40219.1
Project("{2150E333-8FDC-42A3-9474-1A3956D46DE8}") = "src", "src", "{5685C0DC-D381-4ED6-95CC-FA414397899E}"
EndProject
Project("{FAE04EC0-301F-11D3-BF4B-00C04F79EFBC}") = "Mikomi", "src\Mikomi\Mikomi.csproj", "{0E517493-8765-4809-B33B-DA8D29C86271}"
EndProject
Project("{FAE04EC0-301F-11D3-BF4B-00C04F79EFBC}") = "Mikomi.Runtimes.Linux_x64", "src\Mikomi.Runtimes.Linux_x64\Mikomi.Runtimes.Linux_x64.csproj", "{103A3D8B-B648-4BA2-96C3-53103880798A}"
EndProject
Project("{FAE04EC0-301F-11D3-BF4B-00C04F79EFBC}") = "Mikomi.Runtimes.Win_x64", "src\Mikomi.Runtimes.Win_x64\Mikomi.Runtimes.Win_x64.csproj", "{AC431E4F-38A3-4F6B-8C89-FC96EE572274}"
EndProject
Project("{FAE04EC0-301F-11D3-BF4B-00C04F79EFBC}") = "Mikomi.Runtimes.OSX_x64", "src\Mikomi.Runtimes.OSX_x64\Mikomi.Runtimes.OSX_x64.csproj", "{6289A701-64B5-45D2-AE3E-182DCB69FDDE}"
EndProject
Project("{2150E333-8FDC-42A3-9474-1A3956D46DE8}") = "examples", "examples", "{65389788-936F-4CAD-88F0-981CC2CB8609}"
EndProject
Project("{FAE04EC0-301F-11D3-BF4B-00C04F79EFBC}") = "Mikomi.Examples.App", "examples\Mikomi.Examples.App\Mikomi.Examples.App.csproj", "{EBFFE2E2-F5D5-4177-9419-3BEE391BF8FB}"
EndProject
Project("{2150E333-8FDC-42A3-9474-1A3956D46DE8}") = "tests", "tests", "{A9E9A97A-A95B-45C4-B6E6-9D1CB0BA10D8}"
EndProject
Project("{FAE04EC0-301F-11D3-BF4B-00C04F79EFBC}") = "Mikomi.Tests", "tests\Mikomi.Tests\Mikomi.Tests.csproj", "{BA1C3B21-E0CB-4761-90A9-C831B4C483EF}"
EndProject
Global
	GlobalSection(SolutionConfigurationPlatforms) = preSolution
		Debug|Any CPU = Debug|Any CPU
		Release|Any CPU = Release|Any CPU
	EndGlobalSection
	GlobalSection(SolutionProperties) = preSolution
		HideSolutionNode = FALSE
	EndGlobalSection
	GlobalSection(ProjectConfigurationPlatforms) = postSolution
		{0E517493-8765-4809-B33B-DA8D29C86271}.Debug|Any CPU.ActiveCfg = Debug|Any CPU
		{0E517493-8765-4809-B33B-DA8D29C86271}.Debug|Any CPU.Build.0 = Debug|Any CPU
		{0E517493-8765-4809-B33B-DA8D29C86271}.Release|Any CPU.ActiveCfg = Release|Any CPU
		{0E517493-8765-4809-B33B-DA8D29C86271}.Release|Any CPU.Build.0 = Release|Any CPU
		{103A3D8B-B648-4BA2-96C3-53103880798A}.Debug|Any CPU.ActiveCfg = Debug|Any CPU
		{103A3D8B-B648-4BA2-96C3-53103880798A}.Debug|Any CPU.Build.0 = Debug|Any CPU
		{103A3D8B-B648-4BA2-96C3-53103880798A}.Release|Any CPU.ActiveCfg = Release|Any CPU
		{103A3D8B-B648-4BA2-96C3-53103880798A}.Release|Any CPU.Build.0 = Release|Any CPU
		{AC431E4F-38A3-4F6B-8C89-FC96EE572274}.Debug|Any CPU.ActiveCfg = Debug|Any CPU
		{AC431E4F-38A3-4F6B-8C89-FC96EE572274}.Debug|Any CPU.Build.0 = Debug|Any CPU
		{AC431E4F-38A3-4F6B-8C89-FC96EE572274}.Release|Any CPU.ActiveCfg = Release|Any CPU
		{AC431E4F-38A3-4F6B-8C89-FC96EE572274}.Release|Any CPU.Build.0 = Release|Any CPU
		{6289A701-64B5-45D2-AE3E-182DCB69FDDE}.Debug|Any CPU.ActiveCfg = Debug|Any CPU
		{6289A701-64B5-45D2-AE3E-182DCB69FDDE}.Debug|Any CPU.Build.0 = Debug|Any CPU
		{6289A701-64B5-45D2-AE3E-182DCB69FDDE}.Release|Any CPU.ActiveCfg = Release|Any CPU
		{6289A701-64B5-45D2-AE3E-182DCB69FDDE}.Release|Any CPU.Build.0 = Release|Any CPU
		{EBFFE2E2-F5D5-4177-9419-3BEE391BF8FB}.Debug|Any CPU.ActiveCfg = Debug|Any CPU
		{EBFFE2E2-F5D5-4177-9419-3BEE391BF8FB}.Debug|Any CPU.Build.0 = Debug|Any CPU
		{EBFFE2E2-F5D5-4177-9419-3BEE391BF8FB}.Release|Any CPU.ActiveCfg = Release|Any CPU
		{EBFFE2E2-F5D5-4177-9419-3BEE391BF8FB}.Release|Any CPU.Build.0 = Release|Any CPU
		{BA1C3B21-E0CB-4761-90A9-C831B4C483EF}.Debug|Any CPU.ActiveCfg = Debug|Any CPU
		{BA1C3B21-E0CB-4761-90A9-C831B4C483EF}.Debug|Any CPU.Build.0 = Debug|Any CPU
		{BA1C3B21-E0CB-4761-90A9-C831B4C483EF}.Release|Any CPU.ActiveCfg = Release|Any CPU
		{BA1C3B21-E0CB-4761-90A9-C831B4C483EF}.Release|Any CPU.Build.0 = Release|Any CPU
	EndGlobalSection
	GlobalSection(NestedProjects) = preSolution
		{0E517493-8765-4809-B33B-DA8D29C86271} = {5685C0DC-D381-4ED6-95CC-FA414397899E}
		{103A3D8B-B648-4BA2-96C3-53103880798A} = {5685C0DC-D381-4ED6-95CC-FA414397899E}
		{AC431E4F-38A3-4F6B-8C89-FC96EE572274} = {5685C0DC-D381-4ED6-95CC-FA414397899E}
		{6289A701-64B5-45D2-AE3E-182DCB69FDDE} = {5685C0DC-D381-4ED6-95CC-FA414397899E}
		{EBFFE2E2-F5D5-4177-9419-3BEE391BF8FB} = {65389788-936F-4CAD-88F0-981CC2CB8609}
		{BA1C3B21-E0CB-4761-90A9-C831B4C483EF} = {A9E9A97A-A95B-45C4-B6E6-9D1CB0BA10D8}
	EndGlobalSection
EndGlobal
