
Microsoft Visual Studio Solution File, Format Version 12.00
# Visual Studio Version 16
VisualStudioVersion = 16.0.30114.105
MinimumVisualStudioVersion = 10.0.40219.1
Project("{2150E333-8FDC-42A3-9474-1A3956D46DE8}") = "src", "src", "{5685C0DC-D381-4ED6-95CC-FA414397899E}"
EndProject
Project("{FAE04EC0-301F-11D3-BF4B-00C04F79EFBC}") = "Mikomi", "src\Mikomi\Mikomi.csproj", "{0E517493-8765-4809-B33B-DA8D29C86271}"
EndProject
Global
	GlobalSection(SolutionConfigurationPlatforms) = preSolution
		Debug|Any CPU = Debug|Any CPU
		Release|Any CPU = Release|Any CPU
	EndGlobalSection
	GlobalSection(SolutionProperties) = preSolution
		HideSolutionNode = FALSE
	EndGlobalSection
	GlobalSection(ProjectConfigurationPlatforms) = postSolution
		{0E517493-8765-4809-B33B-DA8D29C86271}.Debug|Any CPU.ActiveCfg = Debug|Any CPU
		{0E517493-8765-4809-B33B-DA8D29C86271}.Debug|Any CPU.Build.0 = Debug|Any CPU
		{0E517493-8765-4809-B33B-DA8D29C86271}.Release|Any CPU.ActiveCfg = Release|Any CPU
		{0E517493-8765-4809-B33B-DA8D29C86271}.Release|Any CPU.Build.0 = Release|Any CPU
	EndGlobalSection
	GlobalSection(NestedProjects) = preSolution
		{0E517493-8765-4809-B33B-DA8D29C86271} = {5685C0DC-D381-4ED6-95CC-FA414397899E}
	EndGlobalSection
EndGlobal
