
Microsoft Visual Studio Solution File, Format Version 12.00
# Visual Studio Version 16
VisualStudioVersion = 16.0.30114.105
MinimumVisualStudioVersion = 10.0.40219.1
Project("{2150E333-8FDC-42A3-9474-1A3956D46DE8}") = "src", "src", "{5685C0DC-D381-4ED6-95CC-FA414397899E}"
EndProject
Project("{FAE04EC0-301F-11D3-BF4B-00C04F79EFBC}") = "Mikomi", "src\Mikomi\Mikomi.csproj", "{0E517493-8765-4809-B33B-DA8D29C86271}"
EndProject
Project("{FAE04EC0-301F-11D3-BF4B-00C04F79EFBC}") = "Mikomi.Generated", "src\Mikomi.Generated\Mikomi.Generated.csproj", "{B41DBBAB-7CEA-46C7-BFD1-89014433F146}"
EndProject
Project("{FAE04EC0-301F-11D3-BF4B-00C04F79EFBC}") = "Mikomi.Runtimes.Linux_x64", "src\Mikomi.Runtimes.Linux_x64\Mikomi.Runtimes.Linux_x64.csproj", "{950888DC-B35C-4530-BE8D-710048B27E30}"
EndProject
Project("{FAE04EC0-301F-11D3-BF4B-00C04F79EFBC}") = "Mikomi.Runtimes.Win_x64", "src\Mikomi.Runtimes.Win_x64\Mikomi.Runtimes.Win_x64.csproj", "{C7E1318C-21D9-4155-8B02-7734677C3CD3}"
EndProject
Project("{2150E333-8FDC-42A3-9474-1A3956D46DE8}") = "codegen", "codegen", "{0B050F68-A08A-468B-BC71-B164CCF140CA}"
EndProject
Project("{FAE04EC0-301F-11D3-BF4B-00C04F79EFBC}") = "Mikomi.Generator", "codegen\Mikomi.Generator\Mikomi.Generator.csproj", "{36ACB7B6-F9D8-442A-880E-D064A1BA6BD2}"
EndProject
Global
	GlobalSection(SolutionConfigurationPlatforms) = preSolution
		Debug|Any CPU = Debug|Any CPU
		Release|Any CPU = Release|Any CPU
	EndGlobalSection
	GlobalSection(SolutionProperties) = preSolution
		HideSolutionNode = FALSE
	EndGlobalSection
	GlobalSection(ProjectConfigurationPlatforms) = postSolution
		{0E517493-8765-4809-B33B-DA8D29C86271}.Debug|Any CPU.ActiveCfg = Debug|Any CPU
		{0E517493-8765-4809-B33B-DA8D29C86271}.Debug|Any CPU.Build.0 = Debug|Any CPU
		{0E517493-8765-4809-B33B-DA8D29C86271}.Release|Any CPU.ActiveCfg = Release|Any CPU
		{0E517493-8765-4809-B33B-DA8D29C86271}.Release|Any CPU.Build.0 = Release|Any CPU
		{B41DBBAB-7CEA-46C7-BFD1-89014433F146}.Debug|Any CPU.ActiveCfg = Debug|Any CPU
		{B41DBBAB-7CEA-46C7-BFD1-89014433F146}.Debug|Any CPU.Build.0 = Debug|Any CPU
		{B41DBBAB-7CEA-46C7-BFD1-89014433F146}.Release|Any CPU.ActiveCfg = Release|Any CPU
		{B41DBBAB-7CEA-46C7-BFD1-89014433F146}.Release|Any CPU.Build.0 = Release|Any CPU
		{950888DC-B35C-4530-BE8D-710048B27E30}.Debug|Any CPU.ActiveCfg = Debug|Any CPU
		{950888DC-B35C-4530-BE8D-710048B27E30}.Debug|Any CPU.Build.0 = Debug|Any CPU
		{950888DC-B35C-4530-BE8D-710048B27E30}.Release|Any CPU.ActiveCfg = Release|Any CPU
		{950888DC-B35C-4530-BE8D-710048B27E30}.Release|Any CPU.Build.0 = Release|Any CPU
		{C7E1318C-21D9-4155-8B02-7734677C3CD3}.Debug|Any CPU.ActiveCfg = Debug|Any CPU
		{C7E1318C-21D9-4155-8B02-7734677C3CD3}.Debug|Any CPU.Build.0 = Debug|Any CPU
		{C7E1318C-21D9-4155-8B02-7734677C3CD3}.Release|Any CPU.ActiveCfg = Release|Any CPU
		{C7E1318C-21D9-4155-8B02-7734677C3CD3}.Release|Any CPU.Build.0 = Release|Any CPU
		{36ACB7B6-F9D8-442A-880E-D064A1BA6BD2}.Debug|Any CPU.ActiveCfg = Debug|Any CPU
		{36ACB7B6-F9D8-442A-880E-D064A1BA6BD2}.Debug|Any CPU.Build.0 = Debug|Any CPU
		{36ACB7B6-F9D8-442A-880E-D064A1BA6BD2}.Release|Any CPU.ActiveCfg = Release|Any CPU
		{36ACB7B6-F9D8-442A-880E-D064A1BA6BD2}.Release|Any CPU.Build.0 = Release|Any CPU
	EndGlobalSection
	GlobalSection(NestedProjects) = preSolution
		{0E517493-8765-4809-B33B-DA8D29C86271} = {5685C0DC-D381-4ED6-95CC-FA414397899E}
		{B41DBBAB-7CEA-46C7-BFD1-89014433F146} = {5685C0DC-D381-4ED6-95CC-FA414397899E}
		{950888DC-B35C-4530-BE8D-710048B27E30} = {5685C0DC-D381-4ED6-95CC-FA414397899E}
		{C7E1318C-21D9-4155-8B02-7734677C3CD3} = {5685C0DC-D381-4ED6-95CC-FA414397899E}
		{36ACB7B6-F9D8-442A-880E-D064A1BA6BD2} = {0B050F68-A08A-468B-BC71-B164CCF140CA}
	EndGlobalSection
EndGlobal
